
Microsoft Visual Studio Solution File, Format Version 12.00
# Visual Studio Version 16
VisualStudioVersion = 16.0.32228.343
MinimumVisualStudioVersion = 10.0.40219.1
Project("{9A19103F-16F7-4668-BE54-9A1E7A4F7556}") = "CalculatorServer", "CalculatorServer\CalculatorServer.csproj", "{17E54DCE-DE98-4975-83DF-B8BA278D95EE}"
	ProjectSection(ProjectDependencies) = postProject
		{7C1B1255-0AA4-4FC0-B1BB-C4359870E61B} = {7C1B1255-0AA4-4FC0-B1BB-C4359870E61B}
	EndProjectSection
EndProject
Project("{9A19103F-16F7-4668-BE54-9A1E7A4F7556}") = "CalculatorClient", "CalculatorClient\CalculatorClient.csproj", "{B670DD29-C3B8-477F-AB60-6724665ECB34}"
EndProject
Project("{9A19103F-16F7-4668-BE54-9A1E7A4F7556}") = "ModelContainer", "ModelContainer\ModelContainer.csproj", "{7C1B1255-0AA4-4FC0-B1BB-C4359870E61B}"
EndProject
Project("{FAE04EC0-301F-11D3-BF4B-00C04F79EFBC}") = "CalculatorClient.Tests", "CalculatorClient.Tests\CalculatorClient.Tests.csproj", "{A3E3D15E-19F9-4C7B-A67B-CD6135369D19}"
EndProject
Global
	GlobalSection(SolutionConfigurationPlatforms) = preSolution
		Debug|Any CPU = Debug|Any CPU
		Release|Any CPU = Release|Any CPU
	EndGlobalSection
	GlobalSection(ProjectConfigurationPlatforms) = postSolution
		{17E54DCE-DE98-4975-83DF-B8BA278D95EE}.Debug|Any CPU.ActiveCfg = Debug|Any CPU
		{17E54DCE-DE98-4975-83DF-B8BA278D95EE}.Debug|Any CPU.Build.0 = Debug|Any CPU
		{17E54DCE-DE98-4975-83DF-B8BA278D95EE}.Release|Any CPU.ActiveCfg = Release|Any CPU
		{17E54DCE-DE98-4975-83DF-B8BA278D95EE}.Release|Any CPU.Build.0 = Release|Any CPU
		{B670DD29-C3B8-477F-AB60-6724665ECB34}.Debug|Any CPU.ActiveCfg = Debug|Any CPU
		{B670DD29-C3B8-477F-AB60-6724665ECB34}.Debug|Any CPU.Build.0 = Debug|Any CPU
		{B670DD29-C3B8-477F-AB60-6724665ECB34}.Release|Any CPU.ActiveCfg = Release|Any CPU
		{B670DD29-C3B8-477F-AB60-6724665ECB34}.Release|Any CPU.Build.0 = Release|Any CPU
		{7C1B1255-0AA4-4FC0-B1BB-C4359870E61B}.Debug|Any CPU.ActiveCfg = Debug|Any CPU
		{7C1B1255-0AA4-4FC0-B1BB-C4359870E61B}.Debug|Any CPU.Build.0 = Debug|Any CPU
		{7C1B1255-0AA4-4FC0-B1BB-C4359870E61B}.Release|Any CPU.ActiveCfg = Release|Any CPU
		{7C1B1255-0AA4-4FC0-B1BB-C4359870E61B}.Release|Any CPU.Build.0 = Release|Any CPU
		{A3E3D15E-19F9-4C7B-A67B-CD6135369D19}.Debug|Any CPU.ActiveCfg = Debug|Any CPU
		{A3E3D15E-19F9-4C7B-A67B-CD6135369D19}.Debug|Any CPU.Build.0 = Debug|Any CPU
		{A3E3D15E-19F9-4C7B-A67B-CD6135369D19}.Release|Any CPU.ActiveCfg = Release|Any CPU
		{A3E3D15E-19F9-4C7B-A67B-CD6135369D19}.Release|Any CPU.Build.0 = Release|Any CPU
	EndGlobalSection
	GlobalSection(SolutionProperties) = preSolution
		HideSolutionNode = FALSE
	EndGlobalSection
	GlobalSection(ExtensibilityGlobals) = postSolution
		SolutionGuid = {CE9891C7-B9D1-4BB7-89C2-47DD5D22DA51}
	EndGlobalSection
EndGlobal
